
Microsoft Visual Studio Solution File, Format Version 12.00
# Visual Studio 15
VisualStudioVersion = 15.0.28010.2016
MinimumVisualStudioVersion = 10.0.40219.1
Project("{9A19103F-16F7-4668-BE54-9A1E7A4F7556}") = "RestClient.Net", "RestClient.Net\RestClient.Net.csproj", "{FF835EF4-B3D5-4A4E-9687-F76C88397CCB}"
EndProject
Project("{2150E333-8FDC-42A3-9474-1A3956D46DE8}") = "Tests", "Tests", "{21EC1BFC-12AB-48F6-9E00-50A65FC97FFD}"
EndProject
Project("{FAE04EC0-301F-11D3-BF4B-00C04F79EFBC}") = "RestClient.Net.IntegrationTests", "RestClient.Net.IntegrationTests\RestClient.Net.IntegrationTests.csproj", "{941B8921-D56C-4E0B-BBC5-729F03504A12}"
EndProject
Global
	GlobalSection(SolutionConfigurationPlatforms) = preSolution
		Debug|Any CPU = Debug|Any CPU
		Release|Any CPU = Release|Any CPU
	EndGlobalSection
	GlobalSection(ProjectConfigurationPlatforms) = postSolution
		{FF835EF4-B3D5-4A4E-9687-F76C88397CCB}.Debug|Any CPU.ActiveCfg = Debug|Any CPU
		{FF835EF4-B3D5-4A4E-9687-F76C88397CCB}.Debug|Any CPU.Build.0 = Debug|Any CPU
		{FF835EF4-B3D5-4A4E-9687-F76C88397CCB}.Release|Any CPU.ActiveCfg = Release|Any CPU
		{FF835EF4-B3D5-4A4E-9687-F76C88397CCB}.Release|Any CPU.Build.0 = Release|Any CPU
		{941B8921-D56C-4E0B-BBC5-729F03504A12}.Debug|Any CPU.ActiveCfg = Debug|Any CPU
		{941B8921-D56C-4E0B-BBC5-729F03504A12}.Debug|Any CPU.Build.0 = Debug|Any CPU
		{941B8921-D56C-4E0B-BBC5-729F03504A12}.Release|Any CPU.ActiveCfg = Release|Any CPU
		{941B8921-D56C-4E0B-BBC5-729F03504A12}.Release|Any CPU.Build.0 = Release|Any CPU
	EndGlobalSection
	GlobalSection(SolutionProperties) = preSolution
		HideSolutionNode = FALSE
	EndGlobalSection
	GlobalSection(NestedProjects) = preSolution
		{941B8921-D56C-4E0B-BBC5-729F03504A12} = {21EC1BFC-12AB-48F6-9E00-50A65FC97FFD}
	EndGlobalSection
	GlobalSection(ExtensibilityGlobals) = postSolution
		SolutionGuid = {8DEBD255-9EA7-43ED-AD80-02265607CB9E}
	EndGlobalSection
EndGlobal
